
Microsoft Visual Studio Solution File, Format Version 12.00
# Visual Studio Version 17
VisualStudioVersion = 17.0.32002.185
MinimumVisualStudioVersion = 10.0.40219.1
Project("{FAE04EC0-301F-11D3-BF4B-00C04F79EFBC}") = "Charts", "Charts\Charts.csproj", "{59EB7919-B1D7-49C1-A751-1B66215DA5B2}"
EndProject
Global
	GlobalSection(SolutionConfigurationPlatforms) = preSolution
		Debug|Any CPU = Debug|Any CPU
		Release|Any CPU = Release|Any CPU
	EndGlobalSection
	GlobalSection(ProjectConfigurationPlatforms) = postSolution
		{59EB7919-B1D7-49C1-A751-1B66215DA5B2}.Debug|Any CPU.ActiveCfg = Debug|Any CPU
		{59EB7919-B1D7-49C1-A751-1B66215DA5B2}.Debug|Any CPU.Build.0 = Debug|Any CPU
		{59EB7919-B1D7-49C1-A751-1B66215DA5B2}.Release|Any CPU.ActiveCfg = Release|Any CPU
		{59EB7919-B1D7-49C1-A751-1B66215DA5B2}.Release|Any CPU.Build.0 = Release|Any CPU
	EndGlobalSection
	GlobalSection(SolutionProperties) = preSolution
		HideSolutionNode = FALSE
	EndGlobalSection
	GlobalSection(ExtensibilityGlobals) = postSolution
		SolutionGuid = {764D03F3-617C-46CB-94C8-BA2A3C44F930}
	EndGlobalSection
EndGlobal
